
Microsoft Visual Studio Solution File, Format Version 12.00
# Visual Studio Version 17
VisualStudioVersion = 17.4.33205.214
MinimumVisualStudioVersion = 10.0.40219.1
Project("{9A19103F-16F7-4668-BE54-9A1E7A4F7556}") = "bytebank", "bytebank\bytebank.csproj", "{67285F55-1A9D-4F59-9A90-2260E38CBADB}"
EndProject
Global
	GlobalSection(SolutionConfigurationPlatforms) = preSolution
		Debug|Any CPU = Debug|Any CPU
		Release|Any CPU = Release|Any CPU
	EndGlobalSection
	GlobalSection(ProjectConfigurationPlatforms) = postSolution
		{67285F55-1A9D-4F59-9A90-2260E38CBADB}.Debug|Any CPU.ActiveCfg = Debug|Any CPU
		{67285F55-1A9D-4F59-9A90-2260E38CBADB}.Debug|Any CPU.Build.0 = Debug|Any CPU
		{67285F55-1A9D-4F59-9A90-2260E38CBADB}.Release|Any CPU.ActiveCfg = Release|Any CPU
		{67285F55-1A9D-4F59-9A90-2260E38CBADB}.Release|Any CPU.Build.0 = Release|Any CPU
	EndGlobalSection
	GlobalSection(SolutionProperties) = preSolution
		HideSolutionNode = FALSE
	EndGlobalSection
	GlobalSection(ExtensibilityGlobals) = postSolution
		SolutionGuid = {E9475143-A010-4049-9823-A1D30C8AFA14}
	EndGlobalSection
EndGlobal
